
Microsoft Visual Studio Solution File, Format Version 12.00
# Visual Studio Version 17
VisualStudioVersion = 17.4.33403.182
MinimumVisualStudioVersion = 10.0.40219.1
Project("{FAE04EC0-301F-11D3-BF4B-00C04F79EFBC}") = "InspimoMediatorDesignPattern", "InspimoMediatorDesignPattern\InspimoMediatorDesignPattern.csproj", "{CCBAAB8C-918E-4F93-B7E4-C66AF00F955E}"
EndProject
Global
	GlobalSection(SolutionConfigurationPlatforms) = preSolution
		Debug|Any CPU = Debug|Any CPU
		Release|Any CPU = Release|Any CPU
	EndGlobalSection
	GlobalSection(ProjectConfigurationPlatforms) = postSolution
		{CCBAAB8C-918E-4F93-B7E4-C66AF00F955E}.Debug|Any CPU.ActiveCfg = Debug|Any CPU
		{CCBAAB8C-918E-4F93-B7E4-C66AF00F955E}.Debug|Any CPU.Build.0 = Debug|Any CPU
		{CCBAAB8C-918E-4F93-B7E4-C66AF00F955E}.Release|Any CPU.ActiveCfg = Release|Any CPU
		{CCBAAB8C-918E-4F93-B7E4-C66AF00F955E}.Release|Any CPU.Build.0 = Release|Any CPU
	EndGlobalSection
	GlobalSection(SolutionProperties) = preSolution
		HideSolutionNode = FALSE
	EndGlobalSection
	GlobalSection(ExtensibilityGlobals) = postSolution
		SolutionGuid = {B2041166-3072-478D-8396-A6E9B857F6F4}
	EndGlobalSection
EndGlobal
